// !$*UTF8*$!
{
	archiveVersion = 1;
	classes = {
	};
	objectVersion = 46;
	objects = {

/* Begin PBXBuildFile section */
		911F92B215E5C7D100C247E3 /* main.cpp in Sources */ = {isa = PBXBuildFile; fileRef = 911F92B115E5C7D100C247E3 /* main.cpp */; };
		911F92B415E5C7D100C247E3 /* Drive.1 in CopyFiles */ = {isa = PBXBuildFile; fileRef = 911F92B315E5C7D100C247E3 /* Drive.1 */; };
		911F92BB15E5C82400C247E3 /* OpenGL.framework in Frameworks */ = {isa = PBXBuildFile; fileRef = 911F92BA15E5C82400C247E3 /* OpenGL.framework */; };
		911F92BD15E5C82900C247E3 /* GLUT.framework in Frameworks */ = {isa = PBXBuildFile; fileRef = 911F92BC15E5C82900C247E3 /* GLUT.framework */; };
/* End PBXBuildFile section */

/* Begin PBXCopyFilesBuildPhase section */
		911F92AB15E5C7D100C247E3 /* CopyFiles */ = {
			isa = PBXCopyFilesBuildPhase;
			buildActionMask = 2147483647;
			dstPath = /usr/share/man/man1/;
			dstSubfolderSpec = 0;
			files = (
				911F92B415E5C7D100C247E3 /* Drive.1 in CopyFiles */,
			);
			runOnlyForDeploymentPostprocessing = 1;
		};
/* End PBXCopyFilesBuildPhase section */

/* Begin PBXFileReference section */
		911F92AD15E5C7D100C247E3 /* Drive */ = {isa = PBXFileReference; explicitFileType = "compiled.mach-o.executable"; includeInIndex = 0; path = Drive; sourceTree = BUILT_PRODUCTS_DIR; };
		911F92B115E5C7D100C247E3 /* main.cpp */ = {isa = PBXFileReference; lastKnownFileType = sourcecode.cpp.cpp; name = main.cpp; path = Drive/main.cpp; sourceTree = "<group>"; };
		911F92B315E5C7D100C247E3 /* Drive.1 */ = {isa = PBXFileReference; lastKnownFileType = text.man; path = Drive.1; sourceTree = "<group>"; };
		911F92BA15E5C82400C247E3 /* OpenGL.framework */ = {isa = PBXFileReference; lastKnownFileType = wrapper.framework; name = OpenGL.framework; path = System/Library/Frameworks/OpenGL.framework; sourceTree = SDKROOT; };
		911F92BC15E5C82900C247E3 /* GLUT.framework */ = {isa = PBXFileReference; lastKnownFileType = wrapper.framework; name = GLUT.framework; path = System/Library/Frameworks/GLUT.framework; sourceTree = SDKROOT; };
/* End PBXFileReference section */

/* Begin PBXFrameworksBuildPhase section */
		911F92AA15E5C7D100C247E3 /* Frameworks */ = {
			isa = PBXFrameworksBuildPhase;
			buildActionMask = 2147483647;
			files = (
				911F92BD15E5C82900C247E3 /* GLUT.framework in Frameworks */,
				911F92BB15E5C82400C247E3 /* OpenGL.framework in Frameworks */,
			);
			runOnlyForDeploymentPostprocessing = 0;
		};
/* End PBXFrameworksBuildPhase section */

/* Begin PBXGroup section */
		911F92A215E5C7D100C247E3 = {
			isa = PBXGroup;
			children = (
				911F92B115E5C7D100C247E3 /* main.cpp */,
				911F92BC15E5C82900C247E3 /* GLUT.framework */,
				911F92BA15E5C82400C247E3 /* OpenGL.framework */,
				911F92B015E5C7D100C247E3 /* Drive */,
				911F92AE15E5C7D100C247E3 /* Products */,
			);
			sourceTree = "<group>";
		};
		911F92AE15E5C7D100C247E3 /* Products */ = {
			isa = PBXGroup;
			children = (
				911F92AD15E5C7D100C247E3 /* Drive */,
			);
			name = Products;
			sourceTree = "<group>";
		};
		911F92B015E5C7D100C247E3 /* Drive */ = {
			isa = PBXGroup;
			children = (
				911F92B315E5C7D100C247E3 /* Drive.1 */,
			);
			path = Drive;
			sourceTree = "<group>";
		};
/* End PBXGroup section */

/* Begin PBXNativeTarget section */
		911F92AC15E5C7D100C247E3 /* Drive */ = {
			isa = PBXNativeTarget;
			buildConfigurationList = 911F92B715E5C7D100C247E3 /* Build configuration list for PBXNativeTarget "Drive" */;
			buildPhases = (
				911F92A915E5C7D100C247E3 /* Sources */,
				911F92AA15E5C7D100C247E3 /* Frameworks */,
				911F92AB15E5C7D100C247E3 /* CopyFiles */,
			);
			buildRules = (
			);
			dependencies = (
			);
			name = Drive;
			productName = Drive;
			productReference = 911F92AD15E5C7D100C247E3 /* Drive */;
			productType = "com.apple.product-type.tool";
		};
/* End PBXNativeTarget section */

/* Begin PBXProject section */
		911F92A415E5C7D100C247E3 /* Project object */ = {
			isa = PBXProject;
			attributes = {
				LastUpgradeCheck = 0430;
			};
			buildConfigurationList = 911F92A715E5C7D100C247E3 /* Build configuration list for PBXProject "Drive" */;
			compatibilityVersion = "Xcode 3.2";
			developmentRegion = English;
			hasScannedForEncodings = 0;
			knownRegions = (
				en,
			);
			mainGroup = 911F92A215E5C7D100C247E3;
			productRefGroup = 911F92AE15E5C7D100C247E3 /* Products */;
			projectDirPath = "";
			projectRoot = "";
			targets = (
				911F92AC15E5C7D100C247E3 /* Drive */,
			);
		};
/* End PBXProject section */

/* Begin PBXSourcesBuildPhase section */
		911F92A915E5C7D100C247E3 /* Sources */ = {
			isa = PBXSourcesBuildPhase;
			buildActionMask = 2147483647;
			files = (
				911F92B215E5C7D100C247E3 /* main.cpp in Sources */,
			);
			runOnlyForDeploymentPostprocessing = 0;
		};
/* End PBXSourcesBuildPhase section */

/* Begin XCBuildConfiguration section */
		911F92B515E5C7D100C247E3 /* Debug */ = {
			isa = XCBuildConfiguration;
			buildSettings = {
				ALWAYS_SEARCH_USER_PATHS = NO;
				ARCHS = "$(ARCHS_STANDARD_64_BIT)";
				CLANG_ENABLE_OBJC_ARC = YES;
				COPY_PHASE_STRIP = NO;
				GCC_C_LANGUAGE_STANDARD = gnu99;
				GCC_DYNAMIC_NO_PIC = NO;
				GCC_ENABLE_OBJC_EXCEPTIONS = YES;
				GCC_OPTIMIZATION_LEVEL = 0;
				GCC_PREPROCESSOR_DEFINITIONS = (
					"DEBUG=1",
					"$(inherited)",
				);
				GCC_SYMBOLS_PRIVATE_EXTERN = NO;
				GCC_VERSION = com.apple.compilers.llvm.clang.1_0;
				GCC_WARN_64_TO_32_BIT_CONVERSION = YES;
				GCC_WARN_ABOUT_RETURN_TYPE = YES;
				GCC_WARN_UNINITIALIZED_AUTOS = YES;
				GCC_WARN_UNUSED_VARIABLE = YES;
				MACOSX_DEPLOYMENT_TARGET = 10.7;
				ONLY_ACTIVE_ARCH = YES;
				SDKROOT = macosx;
			};
			name = Debug;
		};
		911F92B615E5C7D100C247E3 /* Release */ = {
			isa = XCBuildConfiguration;
			buildSettings = {
				ALWAYS_SEARCH_USER_PATHS = NO;
				ARCHS = "$(ARCHS_STANDARD_64_BIT)";
				CLANG_ENABLE_OBJC_ARC = YES;
				COPY_PHASE_STRIP = YES;
				DEBUG_INFORMATION_FORMAT = "dwarf-with-dsym";
				GCC_C_LANGUAGE_STANDARD = gnu99;
				GCC_ENABLE_OBJC_EXCEPTIONS = YES;
				GCC_VERSION = com.apple.compilers.llvm.clang.1_0;
				GCC_WARN_64_TO_32_BIT_CONVERSION = YES;
				GCC_WARN_ABOUT_RETURN_TYPE = YES;
				GCC_WARN_UNINITIALIZED_AUTOS = YES;
				GCC_WARN_UNUSED_VARIABLE = YES;
				MACOSX_DEPLOYMENT_TARGET = 10.7;
				SDKROOT = macosx;
			};
			name = Release;
		};
		911F92B815E5C7D100C247E3 /* Debug */ = {
			isa = XCBuildConfiguration;
			buildSettings = {
				PRODUCT_NAME = "$(TARGET_NAME)";
			};
			name = Debug;
		};
		911F92B915E5C7D100C247E3 /* Release */ = {
			isa = XCBuildConfiguration;
			buildSettings = {
				PRODUCT_NAME = "$(TARGET_NAME)";
			};
			name = Release;
		};
/* End XCBuildConfiguration section */

/* Begin XCConfigurationList section */
		911F92A715E5C7D100C247E3 /* Build configuration list for PBXProject "Drive" */ = {
			isa = XCConfigurationList;
			buildConfigurations = (
				911F92B515E5C7D100C247E3 /* Debug */,
				911F92B615E5C7D100C247E3 /* Release */,
			);
			defaultConfigurationIsVisible = 0;
			defaultConfigurationName = Release;
		};
		911F92B715E5C7D100C247E3 /* Build configuration list for PBXNativeTarget "Drive" */ = {
			isa = XCConfigurationList;
			buildConfigurations = (
				911F92B815E5C7D100C247E3 /* Debug */,
				911F92B915E5C7D100C247E3 /* Release */,
			);
			defaultConfigurationIsVisible = 0;
			defaultConfigurationName = Release;
		};
/* End XCConfigurationList section */
	};
	rootObject = 911F92A415E5C7D100C247E3 /* Project object */;
}
