// !$*UTF8*$!
{
	archiveVersion = 1;
	classes = {
	};
	objectVersion = 46;
	objects = {

/* Begin PBXBuildFile section */
		911F929415E2286100C247E3 /* glTest.1 in CopyFiles */ = {isa = PBXBuildFile; fileRef = 911F929315E2286100C247E3 /* glTest.1 */; };
		911F929B15E228D700C247E3 /* OpenGL.framework in Frameworks */ = {isa = PBXBuildFile; fileRef = 911F929A15E228D700C247E3 /* OpenGL.framework */; };
		911F929D15E228E000C247E3 /* GLUT.framework in Frameworks */ = {isa = PBXBuildFile; fileRef = 911F929C15E228E000C247E3 /* GLUT.framework */; };
		911F92A115E2D26100C247E3 /* Glut3D.cpp in Sources */ = {isa = PBXBuildFile; fileRef = 911F92A015E2D26100C247E3 /* Glut3D.cpp */; };
/* End PBXBuildFile section */

/* Begin PBXCopyFilesBuildPhase section */
		911F928B15E2286100C247E3 /* CopyFiles */ = {
			isa = PBXCopyFilesBuildPhase;
			buildActionMask = 2147483647;
			dstPath = /usr/share/man/man1/;
			dstSubfolderSpec = 0;
			files = (
				911F929415E2286100C247E3 /* glTest.1 in CopyFiles */,
			);
			runOnlyForDeploymentPostprocessing = 1;
		};
/* End PBXCopyFilesBuildPhase section */

/* Begin PBXFileReference section */
		911F928D15E2286100C247E3 /* glTest */ = {isa = PBXFileReference; explicitFileType = "compiled.mach-o.executable"; includeInIndex = 0; path = glTest; sourceTree = BUILT_PRODUCTS_DIR; };
		911F929315E2286100C247E3 /* glTest.1 */ = {isa = PBXFileReference; lastKnownFileType = text.man; path = glTest.1; sourceTree = "<group>"; };
		911F929A15E228D700C247E3 /* OpenGL.framework */ = {isa = PBXFileReference; lastKnownFileType = wrapper.framework; name = OpenGL.framework; path = System/Library/Frameworks/OpenGL.framework; sourceTree = SDKROOT; };
		911F929C15E228E000C247E3 /* GLUT.framework */ = {isa = PBXFileReference; lastKnownFileType = wrapper.framework; name = GLUT.framework; path = System/Library/Frameworks/GLUT.framework; sourceTree = SDKROOT; };
		911F92A015E2D26100C247E3 /* Glut3D.cpp */ = {isa = PBXFileReference; fileEncoding = 4; lastKnownFileType = sourcecode.cpp.cpp; path = Glut3D.cpp; sourceTree = "<group>"; };
/* End PBXFileReference section */

/* Begin PBXFrameworksBuildPhase section */
		911F928A15E2286100C247E3 /* Frameworks */ = {
			isa = PBXFrameworksBuildPhase;
			buildActionMask = 2147483647;
			files = (
				911F929D15E228E000C247E3 /* GLUT.framework in Frameworks */,
				911F929B15E228D700C247E3 /* OpenGL.framework in Frameworks */,
			);
			runOnlyForDeploymentPostprocessing = 0;
		};
/* End PBXFrameworksBuildPhase section */

/* Begin PBXGroup section */
		911F928215E2286100C247E3 = {
			isa = PBXGroup;
			children = (
				911F92A015E2D26100C247E3 /* Glut3D.cpp */,
				911F929C15E228E000C247E3 /* GLUT.framework */,
				911F929A15E228D700C247E3 /* OpenGL.framework */,
				911F929015E2286100C247E3 /* glTest */,
				911F928E15E2286100C247E3 /* Products */,
			);
			sourceTree = "<group>";
		};
		911F928E15E2286100C247E3 /* Products */ = {
			isa = PBXGroup;
			children = (
				911F928D15E2286100C247E3 /* glTest */,
			);
			name = Products;
			sourceTree = "<group>";
		};
		911F929015E2286100C247E3 /* glTest */ = {
			isa = PBXGroup;
			children = (
				911F929315E2286100C247E3 /* glTest.1 */,
			);
			path = glTest;
			sourceTree = "<group>";
		};
/* End PBXGroup section */

/* Begin PBXNativeTarget section */
		911F928C15E2286100C247E3 /* glTest */ = {
			isa = PBXNativeTarget;
			buildConfigurationList = 911F929715E2286100C247E3 /* Build configuration list for PBXNativeTarget "glTest" */;
			buildPhases = (
				911F928915E2286100C247E3 /* Sources */,
				911F928A15E2286100C247E3 /* Frameworks */,
				911F928B15E2286100C247E3 /* CopyFiles */,
			);
			buildRules = (
			);
			dependencies = (
			);
			name = glTest;
			productName = glTest;
			productReference = 911F928D15E2286100C247E3 /* glTest */;
			productType = "com.apple.product-type.tool";
		};
/* End PBXNativeTarget section */

/* Begin PBXProject section */
		911F928415E2286100C247E3 /* Project object */ = {
			isa = PBXProject;
			attributes = {
				LastUpgradeCheck = 0430;
			};
			buildConfigurationList = 911F928715E2286100C247E3 /* Build configuration list for PBXProject "glTest" */;
			compatibilityVersion = "Xcode 3.2";
			developmentRegion = English;
			hasScannedForEncodings = 0;
			knownRegions = (
				en,
			);
			mainGroup = 911F928215E2286100C247E3;
			productRefGroup = 911F928E15E2286100C247E3 /* Products */;
			projectDirPath = "";
			projectRoot = "";
			targets = (
				911F928C15E2286100C247E3 /* glTest */,
			);
		};
/* End PBXProject section */

/* Begin PBXSourcesBuildPhase section */
		911F928915E2286100C247E3 /* Sources */ = {
			isa = PBXSourcesBuildPhase;
			buildActionMask = 2147483647;
			files = (
				911F92A115E2D26100C247E3 /* Glut3D.cpp in Sources */,
			);
			runOnlyForDeploymentPostprocessing = 0;
		};
/* End PBXSourcesBuildPhase section */

/* Begin XCBuildConfiguration section */
		911F929515E2286100C247E3 /* Debug */ = {
			isa = XCBuildConfiguration;
			buildSettings = {
				ALWAYS_SEARCH_USER_PATHS = NO;
				ARCHS = "$(ARCHS_STANDARD_64_BIT)";
				CLANG_ENABLE_OBJC_ARC = YES;
				COPY_PHASE_STRIP = NO;
				GCC_C_LANGUAGE_STANDARD = gnu99;
				GCC_DYNAMIC_NO_PIC = NO;
				GCC_ENABLE_OBJC_EXCEPTIONS = YES;
				GCC_OPTIMIZATION_LEVEL = 0;
				GCC_PREPROCESSOR_DEFINITIONS = (
					"DEBUG=1",
					"$(inherited)",
				);
				GCC_SYMBOLS_PRIVATE_EXTERN = NO;
				GCC_VERSION = com.apple.compilers.llvm.clang.1_0;
				GCC_WARN_64_TO_32_BIT_CONVERSION = YES;
				GCC_WARN_ABOUT_RETURN_TYPE = YES;
				GCC_WARN_UNINITIALIZED_AUTOS = YES;
				GCC_WARN_UNUSED_VARIABLE = YES;
				MACOSX_DEPLOYMENT_TARGET = 10.7;
				ONLY_ACTIVE_ARCH = YES;
				SDKROOT = macosx;
			};
			name = Debug;
		};
		911F929615E2286100C247E3 /* Release */ = {
			isa = XCBuildConfiguration;
			buildSettings = {
				ALWAYS_SEARCH_USER_PATHS = NO;
				ARCHS = "$(ARCHS_STANDARD_64_BIT)";
				CLANG_ENABLE_OBJC_ARC = YES;
				COPY_PHASE_STRIP = YES;
				DEBUG_INFORMATION_FORMAT = "dwarf-with-dsym";
				GCC_C_LANGUAGE_STANDARD = gnu99;
				GCC_ENABLE_OBJC_EXCEPTIONS = YES;
				GCC_VERSION = com.apple.compilers.llvm.clang.1_0;
				GCC_WARN_64_TO_32_BIT_CONVERSION = YES;
				GCC_WARN_ABOUT_RETURN_TYPE = YES;
				GCC_WARN_UNINITIALIZED_AUTOS = YES;
				GCC_WARN_UNUSED_VARIABLE = YES;
				MACOSX_DEPLOYMENT_TARGET = 10.7;
				SDKROOT = macosx;
			};
			name = Release;
		};
		911F929815E2286100C247E3 /* Debug */ = {
			isa = XCBuildConfiguration;
			buildSettings = {
				PRODUCT_NAME = "$(TARGET_NAME)";
			};
			name = Debug;
		};
		911F929915E2286100C247E3 /* Release */ = {
			isa = XCBuildConfiguration;
			buildSettings = {
				PRODUCT_NAME = "$(TARGET_NAME)";
			};
			name = Release;
		};
/* End XCBuildConfiguration section */

/* Begin XCConfigurationList section */
		911F928715E2286100C247E3 /* Build configuration list for PBXProject "glTest" */ = {
			isa = XCConfigurationList;
			buildConfigurations = (
				911F929515E2286100C247E3 /* Debug */,
				911F929615E2286100C247E3 /* Release */,
			);
			defaultConfigurationIsVisible = 0;
			defaultConfigurationName = Release;
		};
		911F929715E2286100C247E3 /* Build configuration list for PBXNativeTarget "glTest" */ = {
			isa = XCConfigurationList;
			buildConfigurations = (
				911F929815E2286100C247E3 /* Debug */,
				911F929915E2286100C247E3 /* Release */,
			);
			defaultConfigurationIsVisible = 0;
		};
/* End XCConfigurationList section */
	};
	rootObject = 911F928415E2286100C247E3 /* Project object */;
}
